// !$*UTF8*$!
{
	archiveVersion = 1;
	classes = {
	};
	objectVersion = 48;
	objects = {

/* Begin PBXBuildFile section */
		324219BB1FB159510024491A /* AppDelegate.m in Sources */ = {isa = PBXBuildFile; fileRef = 324219BA1FB159510024491A /* AppDelegate.m */; };
		324219BE1FB159510024491A /* ViewController.m in Sources */ = {isa = PBXBuildFile; fileRef = 324219BD1FB159510024491A /* ViewController.m */; };
		324219C11FB159510024491A /* Main.storyboard in Resources */ = {isa = PBXBuildFile; fileRef = 324219BF1FB159510024491A /* Main.storyboard */; };
		324219C41FB159510024491A /* RateDemo.xcdatamodeld in Sources */ = {isa = PBXBuildFile; fileRef = 324219C21FB159510024491A /* RateDemo.xcdatamodeld */; };
		324219C61FB159510024491A /* Assets.xcassets in Resources */ = {isa = PBXBuildFile; fileRef = 324219C51FB159510024491A /* Assets.xcassets */; };
		324219C91FB159510024491A /* LaunchScreen.storyboard in Resources */ = {isa = PBXBuildFile; fileRef = 324219C71FB159510024491A /* LaunchScreen.storyboard */; };
		324219CC1FB159510024491A /* main.m in Sources */ = {isa = PBXBuildFile; fileRef = 324219CB1FB159510024491A /* main.m */; };
/* End PBXBuildFile section */

/* Begin PBXFileReference section */
		324219B61FB159510024491A /* RateDemo.app */ = {isa = PBXFileReference; explicitFileType = wrapper.application; includeInIndex = 0; path = RateDemo.app; sourceTree = BUILT_PRODUCTS_DIR; };
		324219B91FB159510024491A /* AppDelegate.h */ = {isa = PBXFileReference; lastKnownFileType = sourcecode.c.h; path = AppDelegate.h; sourceTree = "<group>"; };
		324219BA1FB159510024491A /* AppDelegate.m */ = {isa = PBXFileReference; lastKnownFileType = sourcecode.c.objc; path = AppDelegate.m; sourceTree = "<group>"; };
		324219BC1FB159510024491A /* ViewController.h */ = {isa = PBXFileReference; lastKnownFileType = sourcecode.c.h; path = ViewController.h; sourceTree = "<group>"; };
		324219BD1FB159510024491A /* ViewController.m */ = {isa = PBXFileReference; lastKnownFileType = sourcecode.c.objc; path = ViewController.m; sourceTree = "<group>"; };
		324219C01FB159510024491A /* Base */ = {isa = PBXFileReference; lastKnownFileType = file.storyboard; name = Base; path = Base.lproj/Main.storyboard; sourceTree = "<group>"; };
		324219C31FB159510024491A /* RateDemo.xcdatamodel */ = {isa = PBXFileReference; lastKnownFileType = wrapper.xcdatamodel; path = RateDemo.xcdatamodel; sourceTree = "<group>"; };
		324219C51FB159510024491A /* Assets.xcassets */ = {isa = PBXFileReference; lastKnownFileType = folder.assetcatalog; path = Assets.xcassets; sourceTree = "<group>"; };
		324219C81FB159510024491A /* Base */ = {isa = PBXFileReference; lastKnownFileType = file.storyboard; name = Base; path = Base.lproj/LaunchScreen.storyboard; sourceTree = "<group>"; };
		324219CA1FB159510024491A /* Info.plist */ = {isa = PBXFileReference; lastKnownFileType = text.plist.xml; path = Info.plist; sourceTree = "<group>"; };
		324219CB1FB159510024491A /* main.m */ = {isa = PBXFileReference; lastKnownFileType = sourcecode.c.objc; path = main.m; sourceTree = "<group>"; };
/* End PBXFileReference section */

/* Begin PBXFrameworksBuildPhase section */
		324219B31FB159510024491A /* Frameworks */ = {
			isa = PBXFrameworksBuildPhase;
			buildActionMask = 2147483647;
			files = (
			);
			runOnlyForDeploymentPostprocessing = 0;
		};
/* End PBXFrameworksBuildPhase section */

/* Begin PBXGroup section */
		324219AD1FB159510024491A = {
			isa = PBXGroup;
			children = (
				324219B81FB159510024491A /* RateDemo */,
				324219B71FB159510024491A /* Products */,
			);
			sourceTree = "<group>";
		};
		324219B71FB159510024491A /* Products */ = {
			isa = PBXGroup;
			children = (
				324219B61FB159510024491A /* RateDemo.app */,
			);
			name = Products;
			sourceTree = "<group>";
		};
		324219B81FB159510024491A /* RateDemo */ = {
			isa = PBXGroup;
			children = (
				324219B91FB159510024491A /* AppDelegate.h */,
				324219BA1FB159510024491A /* AppDelegate.m */,
				324219BC1FB159510024491A /* ViewController.h */,
				324219BD1FB159510024491A /* ViewController.m */,
				324219BF1FB159510024491A /* Main.storyboard */,
				324219C51FB159510024491A /* Assets.xcassets */,
				324219C71FB159510024491A /* LaunchScreen.storyboard */,
				324219CA1FB159510024491A /* Info.plist */,
				324219CB1FB159510024491A /* main.m */,
				324219C21FB159510024491A /* RateDemo.xcdatamodeld */,
			);
			path = RateDemo;
			sourceTree = "<group>";
		};
/* End PBXGroup section */

/* Begin PBXNativeTarget section */
		324219B51FB159510024491A /* RateDemo */ = {
			isa = PBXNativeTarget;
			buildConfigurationList = 324219CF1FB159510024491A /* Build configuration list for PBXNativeTarget "RateDemo" */;
			buildPhases = (
				324219B21FB159510024491A /* Sources */,
				324219B31FB159510024491A /* Frameworks */,
				324219B41FB159510024491A /* Resources */,
			);
			buildRules = (
			);
			dependencies = (
			);
			name = RateDemo;
			productName = RateDemo;
			productReference = 324219B61FB159510024491A /* RateDemo.app */;
			productType = "com.apple.product-type.application";
		};
/* End PBXNativeTarget section */

/* Begin PBXProject section */
		324219AE1FB159510024491A /* Project object */ = {
			isa = PBXProject;
			attributes = {
				LastUpgradeCheck = 0910;
				ORGANIZATIONNAME = "VIA Technologies, Inc. & OLAMI Team";
				TargetAttributes = {
					324219B51FB159510024491A = {
						CreatedOnToolsVersion = 9.1;
						ProvisioningStyle = Automatic;
					};
				};
			};
			buildConfigurationList = 324219B11FB159510024491A /* Build configuration list for PBXProject "RateDemo" */;
			compatibilityVersion = "Xcode 8.0";
			developmentRegion = en;
			hasScannedForEncodings = 0;
			knownRegions = (
				en,
				Base,
			);
			mainGroup = 324219AD1FB159510024491A;
			productRefGroup = 324219B71FB159510024491A /* Products */;
			projectDirPath = "";
			projectRoot = "";
			targets = (
				324219B51FB159510024491A /* RateDemo */,
			);
		};
/* End PBXProject section */

/* Begin PBXResourcesBuildPhase section */
		324219B41FB159510024491A /* Resources */ = {
			isa = PBXResourcesBuildPhase;
			buildActionMask = 2147483647;
			files = (
				324219C91FB159510024491A /* LaunchScreen.storyboard in Resources */,
				324219C61FB159510024491A /* Assets.xcassets in Resources */,
				324219C11FB159510024491A /* Main.storyboard in Resources */,
			);
			runOnlyForDeploymentPostprocessing = 0;
		};
/* End PBXResourcesBuildPhase section */

/* Begin PBXSourcesBuildPhase section */
		324219B21FB159510024491A /* Sources */ = {
			isa = PBXSourcesBuildPhase;
			buildActionMask = 2147483647;
			files = (
				324219BE1FB159510024491A /* ViewController.m in Sources */,
				324219C41FB159510024491A /* RateDemo.xcdatamodeld in Sources */,
				324219CC1FB159510024491A /* main.m in Sources */,
				324219BB1FB159510024491A /* AppDelegate.m in Sources */,
			);
			runOnlyForDeploymentPostprocessing = 0;
		};
/* End PBXSourcesBuildPhase section */

/* Begin PBXVariantGroup section */
		324219BF1FB159510024491A /* Main.storyboard */ = {
			isa = PBXVariantGroup;
			children = (
				324219C01FB159510024491A /* Base */,
			);
			name = Main.storyboard;
			sourceTree = "<group>";
		};
		324219C71FB159510024491A /* LaunchScreen.storyboard */ = {
			isa = PBXVariantGroup;
			children = (
				324219C81FB159510024491A /* Base */,
			);
			name = LaunchScreen.storyboard;
			sourceTree = "<group>";
		};
/* End PBXVariantGroup section */

/* Begin XCBuildConfiguration section */
		324219CD1FB159510024491A /* Debug */ = {
			isa = XCBuildConfiguration;
			buildSettings = {
				ALWAYS_SEARCH_USER_PATHS = NO;
				CLANG_ANALYZER_NONNULL = YES;
				CLANG_ANALYZER_NUMBER_OBJECT_CONVERSION = YES_AGGRESSIVE;
				CLANG_CXX_LANGUAGE_STANDARD = "gnu++14";
				CLANG_CXX_LIBRARY = "libc++";
				CLANG_ENABLE_MODULES = YES;
				CLANG_ENABLE_OBJC_ARC = YES;
				CLANG_WARN_BLOCK_CAPTURE_AUTORELEASING = YES;
				CLANG_WARN_BOOL_CONVERSION = YES;
				CLANG_WARN_COMMA = YES;
				CLANG_WARN_CONSTANT_CONVERSION = YES;
				CLANG_WARN_DIRECT_OBJC_ISA_USAGE = YES_ERROR;
				CLANG_WARN_DOCUMENTATION_COMMENTS = YES;
				CLANG_WARN_EMPTY_BODY = YES;
				CLANG_WARN_ENUM_CONVERSION = YES;
				CLANG_WARN_INFINITE_RECURSION = YES;
				CLANG_WARN_INT_CONVERSION = YES;
				CLANG_WARN_NON_LITERAL_NULL_CONVERSION = YES;
				CLANG_WARN_OBJC_LITERAL_CONVERSION = YES;
				CLANG_WARN_OBJC_ROOT_CLASS = YES_ERROR;
				CLANG_WARN_RANGE_LOOP_ANALYSIS = YES;
				CLANG_WARN_STRICT_PROTOTYPES = YES;
				CLANG_WARN_SUSPICIOUS_MOVE = YES;
				CLANG_WARN_UNGUARDED_AVAILABILITY = YES_AGGRESSIVE;
				CLANG_WARN_UNREACHABLE_CODE = YES;
				CLANG_WARN__DUPLICATE_METHOD_MATCH = YES;
				CODE_SIGN_IDENTITY = "iPhone Developer";
				COPY_PHASE_STRIP = NO;
				DEBUG_INFORMATION_FORMAT = dwarf;
				ENABLE_STRICT_OBJC_MSGSEND = YES;
				ENABLE_TESTABILITY = YES;
				GCC_C_LANGUAGE_STANDARD = gnu11;
				GCC_DYNAMIC_NO_PIC = NO;
				GCC_NO_COMMON_BLOCKS = YES;
				GCC_OPTIMIZATION_LEVEL = 0;
				GCC_PREPROCESSOR_DEFINITIONS = (
					"DEBUG=1",
					"$(inherited)",
				);
				GCC_WARN_64_TO_32_BIT_CONVERSION = YES;
				GCC_WARN_ABOUT_RETURN_TYPE = YES_ERROR;
				GCC_WARN_UNDECLARED_SELECTOR = YES;
				GCC_WARN_UNINITIALIZED_AUTOS = YES_AGGRESSIVE;
				GCC_WARN_UNUSED_FUNCTION = YES;
				GCC_WARN_UNUSED_VARIABLE = YES;
				IPHONEOS_DEPLOYMENT_TARGET = 11.1;
				MTL_ENABLE_DEBUG_INFO = YES;
				ONLY_ACTIVE_ARCH = YES;
				SDKROOT = iphoneos;
			};
			name = Debug;
		};
		324219CE1FB159510024491A /* Release */ = {
			isa = XCBuildConfiguration;
			buildSettings = {
				ALWAYS_SEARCH_USER_PATHS = NO;
				CLANG_ANALYZER_NONNULL = YES;
				CLANG_ANALYZER_NUMBER_OBJECT_CONVERSION = YES_AGGRESSIVE;
				CLANG_CXX_LANGUAGE_STANDARD = "gnu++14";
				CLANG_CXX_LIBRARY = "libc++";
				CLANG_ENABLE_MODULES = YES;
				CLANG_ENABLE_OBJC_ARC = YES;
				CLANG_WARN_BLOCK_CAPTURE_AUTORELEASING = YES;
				CLANG_WARN_BOOL_CONVERSION = YES;
				CLANG_WARN_COMMA = YES;
				CLANG_WARN_CONSTANT_CONVERSION = YES;
				CLANG_WARN_DIRECT_OBJC_ISA_USAGE = YES_ERROR;
				CLANG_WARN_DOCUMENTATION_COMMENTS = YES;
				CLANG_WARN_EMPTY_BODY = YES;
				CLANG_WARN_ENUM_CONVERSION = YES;
				CLANG_WARN_INFINITE_RECURSION = YES;
				CLANG_WARN_INT_CONVERSION = YES;
				CLANG_WARN_NON_LITERAL_NULL_CONVERSION = YES;
				CLANG_WARN_OBJC_LITERAL_CONVERSION = YES;
				CLANG_WARN_OBJC_ROOT_CLASS = YES_ERROR;
				CLANG_WARN_RANGE_LOOP_ANALYSIS = YES;
				CLANG_WARN_STRICT_PROTOTYPES = YES;
				CLANG_WARN_SUSPICIOUS_MOVE = YES;
				CLANG_WARN_UNGUARDED_AVAILABILITY = YES_AGGRESSIVE;
				CLANG_WARN_UNREACHABLE_CODE = YES;
				CLANG_WARN__DUPLICATE_METHOD_MATCH = YES;
				CODE_SIGN_IDENTITY = "iPhone Developer";
				COPY_PHASE_STRIP = NO;
				DEBUG_INFORMATION_FORMAT = "dwarf-with-dsym";
				ENABLE_NS_ASSERTIONS = NO;
				ENABLE_STRICT_OBJC_MSGSEND = YES;
				GCC_C_LANGUAGE_STANDARD = gnu11;
				GCC_NO_COMMON_BLOCKS = YES;
				GCC_WARN_64_TO_32_BIT_CONVERSION = YES;
				GCC_WARN_ABOUT_RETURN_TYPE = YES_ERROR;
				GCC_WARN_UNDECLARED_SELECTOR = YES;
				GCC_WARN_UNINITIALIZED_AUTOS = YES_AGGRESSIVE;
				GCC_WARN_UNUSED_FUNCTION = YES;
				GCC_WARN_UNUSED_VARIABLE = YES;
				IPHONEOS_DEPLOYMENT_TARGET = 11.1;
				MTL_ENABLE_DEBUG_INFO = NO;
				SDKROOT = iphoneos;
				VALIDATE_PRODUCT = YES;
			};
			name = Release;
		};
		324219D01FB159510024491A /* Debug */ = {
			isa = XCBuildConfiguration;
			buildSettings = {
				ASSETCATALOG_COMPILER_APPICON_NAME = AppIcon;
				CODE_SIGN_STYLE = Automatic;
				DEVELOPMENT_TEAM = RN8YKV5B34;
				INFOPLIST_FILE = RateDemo/Info.plist;
				IPHONEOS_DEPLOYMENT_TARGET = 9.0;
				LD_RUNPATH_SEARCH_PATHS = "$(inherited) @executable_path/Frameworks";
				PRODUCT_BUNDLE_IDENTIFIER = ai.olami.RateDemo;
				PRODUCT_NAME = "$(TARGET_NAME)";
				TARGETED_DEVICE_FAMILY = "1,2";
			};
			name = Debug;
		};
		324219D11FB159510024491A /* Release */ = {
			isa = XCBuildConfiguration;
			buildSettings = {
				ASSETCATALOG_COMPILER_APPICON_NAME = AppIcon;
				CODE_SIGN_STYLE = Automatic;
				DEVELOPMENT_TEAM = RN8YKV5B34;
				INFOPLIST_FILE = RateDemo/Info.plist;
				IPHONEOS_DEPLOYMENT_TARGET = 9.0;
				LD_RUNPATH_SEARCH_PATHS = "$(inherited) @executable_path/Frameworks";
				PRODUCT_BUNDLE_IDENTIFIER = ai.olami.RateDemo;
				PRODUCT_NAME = "$(TARGET_NAME)";
				TARGETED_DEVICE_FAMILY = "1,2";
			};
			name = Release;
		};
/* End XCBuildConfiguration section */

/* Begin XCConfigurationList section */
		324219B11FB159510024491A /* Build configuration list for PBXProject "RateDemo" */ = {
			isa = XCConfigurationList;
			buildConfigurations = (
				324219CD1FB159510024491A /* Debug */,
				324219CE1FB159510024491A /* Release */,
			);
			defaultConfigurationIsVisible = 0;
			defaultConfigurationName = Release;
		};
		324219CF1FB159510024491A /* Build configuration list for PBXNativeTarget "RateDemo" */ = {
			isa = XCConfigurationList;
			buildConfigurations = (
				324219D01FB159510024491A /* Debug */,
				324219D11FB159510024491A /* Release */,
			);
			defaultConfigurationIsVisible = 0;
			defaultConfigurationName = Release;
		};
/* End XCConfigurationList section */

/* Begin XCVersionGroup section */
		324219C21FB159510024491A /* RateDemo.xcdatamodeld */ = {
			isa = XCVersionGroup;
			children = (
				324219C31FB159510024491A /* RateDemo.xcdatamodel */,
			);
			currentVersion = 324219C31FB159510024491A /* RateDemo.xcdatamodel */;
			path = RateDemo.xcdatamodeld;
			sourceTree = "<group>";
			versionGroupType = wrapper.xcdatamodel;
		};
/* End XCVersionGroup section */
	};
	rootObject = 324219AE1FB159510024491A /* Project object */;
}
